
Microsoft Visual Studio Solution File, Format Version 12.00
# Visual Studio Version 17
VisualStudioVersion = 17.10.35122.118
MinimumVisualStudioVersion = 10.0.40219.1
Project("{FAE04EC0-301F-11D3-BF4B-00C04F79EFBC}") = "HumanResourcesAPI", "HumanResourcesAPI\HumanResourcesAPI.csproj", "{D1BBACAA-BCCD-426B-BD9E-842AB9EBE0BA}"
EndProject
Global
	GlobalSection(SolutionConfigurationPlatforms) = preSolution
		Debug|Any CPU = Debug|Any CPU
		Release|Any CPU = Release|Any CPU
	EndGlobalSection
	GlobalSection(ProjectConfigurationPlatforms) = postSolution
		{D1BBACAA-BCCD-426B-BD9E-842AB9EBE0BA}.Debug|Any CPU.ActiveCfg = Debug|Any CPU
		{D1BBACAA-BCCD-426B-BD9E-842AB9EBE0BA}.Debug|Any CPU.Build.0 = Debug|Any CPU
		{D1BBACAA-BCCD-426B-BD9E-842AB9EBE0BA}.Release|Any CPU.ActiveCfg = Release|Any CPU
		{D1BBACAA-BCCD-426B-BD9E-842AB9EBE0BA}.Release|Any CPU.Build.0 = Release|Any CPU
	EndGlobalSection
	GlobalSection(SolutionProperties) = preSolution
		HideSolutionNode = FALSE
	EndGlobalSection
	GlobalSection(ExtensibilityGlobals) = postSolution
		SolutionGuid = {298E393B-8721-48D5-AAB5-F7FD2B52F6B6}
	EndGlobalSection
EndGlobal
